
Microsoft Visual Studio Solution File, Format Version 12.00
# Visual Studio Version 16
VisualStudioVersion = 16.0.31105.61
MinimumVisualStudioVersion = 10.0.40219.1
Project("{9A19103F-16F7-4668-BE54-9A1E7A4F7556}") = "ItubExchange.Host", "ItubExchange.Host\ItubExchange.Host.csproj", "{11A28C32-475F-43F8-95DD-A2507C15A5F4}"
EndProject
Project("{9A19103F-16F7-4668-BE54-9A1E7A4F7556}") = "ItubExchange.Core", "ItubExchange.Core\ItubExchange.Core.csproj", "{1643D07E-0531-4495-966F-22166E6A7159}"
EndProject
Project("{9A19103F-16F7-4668-BE54-9A1E7A4F7556}") = "ItubExchange.Data", "ItubExchange.Data\ItubExchange.Data.csproj", "{B23871E6-4A11-4256-AC51-F1206BF7F111}"
EndProject
Project("{FAE04EC0-301F-11D3-BF4B-00C04F79EFBC}") = "ItubExchange.Application", "ItubExchange.Application\ItubExchange.Application.csproj", "{BA051C2E-7318-4F26-BC1A-2004B8431DCC}"
EndProject
Global
	GlobalSection(SolutionConfigurationPlatforms) = preSolution
		Debug|Any CPU = Debug|Any CPU
		Release|Any CPU = Release|Any CPU
	EndGlobalSection
	GlobalSection(ProjectConfigurationPlatforms) = postSolution
		{11A28C32-475F-43F8-95DD-A2507C15A5F4}.Debug|Any CPU.ActiveCfg = Debug|Any CPU
		{11A28C32-475F-43F8-95DD-A2507C15A5F4}.Debug|Any CPU.Build.0 = Debug|Any CPU
		{11A28C32-475F-43F8-95DD-A2507C15A5F4}.Release|Any CPU.ActiveCfg = Release|Any CPU
		{11A28C32-475F-43F8-95DD-A2507C15A5F4}.Release|Any CPU.Build.0 = Release|Any CPU
		{1643D07E-0531-4495-966F-22166E6A7159}.Debug|Any CPU.ActiveCfg = Debug|Any CPU
		{1643D07E-0531-4495-966F-22166E6A7159}.Debug|Any CPU.Build.0 = Debug|Any CPU
		{1643D07E-0531-4495-966F-22166E6A7159}.Release|Any CPU.ActiveCfg = Release|Any CPU
		{1643D07E-0531-4495-966F-22166E6A7159}.Release|Any CPU.Build.0 = Release|Any CPU
		{B23871E6-4A11-4256-AC51-F1206BF7F111}.Debug|Any CPU.ActiveCfg = Debug|Any CPU
		{B23871E6-4A11-4256-AC51-F1206BF7F111}.Debug|Any CPU.Build.0 = Debug|Any CPU
		{B23871E6-4A11-4256-AC51-F1206BF7F111}.Release|Any CPU.ActiveCfg = Release|Any CPU
		{B23871E6-4A11-4256-AC51-F1206BF7F111}.Release|Any CPU.Build.0 = Release|Any CPU
		{BA051C2E-7318-4F26-BC1A-2004B8431DCC}.Debug|Any CPU.ActiveCfg = Debug|Any CPU
		{BA051C2E-7318-4F26-BC1A-2004B8431DCC}.Debug|Any CPU.Build.0 = Debug|Any CPU
		{BA051C2E-7318-4F26-BC1A-2004B8431DCC}.Release|Any CPU.ActiveCfg = Release|Any CPU
		{BA051C2E-7318-4F26-BC1A-2004B8431DCC}.Release|Any CPU.Build.0 = Release|Any CPU
	EndGlobalSection
	GlobalSection(SolutionProperties) = preSolution
		HideSolutionNode = FALSE
	EndGlobalSection
	GlobalSection(ExtensibilityGlobals) = postSolution
		SolutionGuid = {D2011F99-A090-432B-9E3D-533BD6812CC3}
	EndGlobalSection
EndGlobal
